// !$*UTF8*$!
{
	archiveVersion = 1;
	classes = {
	};
	objectVersion = 46;
	objects = {

/* Begin PBXBuildFile section */
		607ACF808774FD9218706864 /* libPods.a in Frameworks */ = {isa = PBXBuildFile; fileRef = 709B518F160346B710ABC81F /* libPods.a */; };
		924130B51C7DB14300FCE9B4 /* main.m in Sources */ = {isa = PBXBuildFile; fileRef = 924130B41C7DB14300FCE9B4 /* main.m */; };
		924130BE1C7DB14300FCE9B4 /* Main.storyboard in Resources */ = {isa = PBXBuildFile; fileRef = 924130BC1C7DB14300FCE9B4 /* Main.storyboard */; };
		924130C01C7DB14300FCE9B4 /* Assets.xcassets in Resources */ = {isa = PBXBuildFile; fileRef = 924130BF1C7DB14300FCE9B4 /* Assets.xcassets */; };
		924130C31C7DB14300FCE9B4 /* LaunchScreen.storyboard in Resources */ = {isa = PBXBuildFile; fileRef = 924130C11C7DB14300FCE9B4 /* LaunchScreen.storyboard */; };
		924130DF1C7DB50F00FCE9B4 /* ViewController.m in Sources */ = {isa = PBXBuildFile; fileRef = 924130D31C7DB50F00FCE9B4 /* ViewController.m */; };
		924130E01C7DB50F00FCE9B4 /* AppDelegate.m in Sources */ = {isa = PBXBuildFile; fileRef = 924130D81C7DB50F00FCE9B4 /* AppDelegate.m */; };
		924130E21C7DB64500FCE9B4 /* 1.plist in Resources */ = {isa = PBXBuildFile; fileRef = 924130E11C7DB64500FCE9B4 /* 1.plist */; };
		924130E51C7DB66200FCE9B4 /* GLShop.m in Sources */ = {isa = PBXBuildFile; fileRef = 924130E41C7DB66200FCE9B4 /* GLShop.m */; };
		924130E81C7DB67F00FCE9B4 /* GLShopCell.m in Sources */ = {isa = PBXBuildFile; fileRef = 924130E71C7DB67F00FCE9B4 /* GLShopCell.m */; };
		924131191C7DBEFF00FCE9B4 /* Foundation+Log.m in Sources */ = {isa = PBXBuildFile; fileRef = 924130EC1C7DBEFF00FCE9B4 /* Foundation+Log.m */; };
		9241311A1C7DBEFF00FCE9B4 /* NSDate+Extention.m in Sources */ = {isa = PBXBuildFile; fileRef = 924130EF1C7DBEFF00FCE9B4 /* NSDate+Extention.m */; };
		9241311B1C7DBEFF00FCE9B4 /* NSDateFormatter+Extention.m in Sources */ = {isa = PBXBuildFile; fileRef = 924130F11C7DBEFF00FCE9B4 /* NSDateFormatter+Extention.m */; };
		9241311C1C7DBEFF00FCE9B4 /* NSObject+Log.m in Sources */ = {isa = PBXBuildFile; fileRef = 924130F41C7DBEFF00FCE9B4 /* NSObject+Log.m */; };
		9241311D1C7DBEFF00FCE9B4 /* NSString+Extention.m in Sources */ = {isa = PBXBuildFile; fileRef = 924130F81C7DBEFF00FCE9B4 /* NSString+Extention.m */; };
		9241311F1C7DBEFF00FCE9B4 /* MyButton.m in Sources */ = {isa = PBXBuildFile; fileRef = 924130FE1C7DBEFF00FCE9B4 /* MyButton.m */; };
		924131201C7DBEFF00FCE9B4 /* UIColor+Random.m in Sources */ = {isa = PBXBuildFile; fileRef = 924131011C7DBEFF00FCE9B4 /* UIColor+Random.m */; };
		924131211C7DBEFF00FCE9B4 /* UIImage+Extention.m in Sources */ = {isa = PBXBuildFile; fileRef = 924131041C7DBEFF00FCE9B4 /* UIImage+Extention.m */; };
		924131221C7DBEFF00FCE9B4 /* UIResponder+Router.m in Sources */ = {isa = PBXBuildFile; fileRef = 924131071C7DBEFF00FCE9B4 /* UIResponder+Router.m */; };
		924131231C7DBEFF00FCE9B4 /* UITextField+Extention.m in Sources */ = {isa = PBXBuildFile; fileRef = 9241310A1C7DBEFF00FCE9B4 /* UITextField+Extention.m */; };
		924131241C7DBEFF00FCE9B4 /* UITextView+Extention.m in Sources */ = {isa = PBXBuildFile; fileRef = 9241310D1C7DBEFF00FCE9B4 /* UITextView+Extention.m */; };
		924131251C7DBEFF00FCE9B4 /* UIView+Extension.m in Sources */ = {isa = PBXBuildFile; fileRef = 924131101C7DBEFF00FCE9B4 /* UIView+Extension.m */; };
		924131261C7DBEFF00FCE9B4 /* UIViewController+Extention.m in Sources */ = {isa = PBXBuildFile; fileRef = 924131131C7DBEFF00FCE9B4 /* UIViewController+Extention.m */; };
		924131281C7DBEFF00FCE9B4 /* UIWindow+Extension.m in Sources */ = {isa = PBXBuildFile; fileRef = 924131181C7DBEFF00FCE9B4 /* UIWindow+Extension.m */; };
		9241312C1C7E9B5200FCE9B4 /* GLWaterFlowLayout.m in Sources */ = {isa = PBXBuildFile; fileRef = 9241312B1C7E9B5200FCE9B4 /* GLWaterFlowLayout.m */; };
		924131311C7F16EF00FCE9B4 /* GLShopDBUtils.m in Sources */ = {isa = PBXBuildFile; fileRef = 924131301C7F16EF00FCE9B4 /* GLShopDBUtils.m */; };
/* End PBXBuildFile section */

/* Begin PBXFileReference section */
		161E8DEA3B6628014A84AC97 /* Pods.debug.xcconfig */ = {isa = PBXFileReference; includeInIndex = 1; lastKnownFileType = text.xcconfig; name = Pods.debug.xcconfig; path = "Pods/Target Support Files/Pods/Pods.debug.xcconfig"; sourceTree = "<group>"; };
		4168D18B0A02687EA1721766 /* Pods.release.xcconfig */ = {isa = PBXFileReference; includeInIndex = 1; lastKnownFileType = text.xcconfig; name = Pods.release.xcconfig; path = "Pods/Target Support Files/Pods/Pods.release.xcconfig"; sourceTree = "<group>"; };
		709B518F160346B710ABC81F /* libPods.a */ = {isa = PBXFileReference; explicitFileType = archive.ar; includeInIndex = 0; path = libPods.a; sourceTree = BUILT_PRODUCTS_DIR; };
		924130B01C7DB14300FCE9B4 /* GLWaterFlow.app */ = {isa = PBXFileReference; explicitFileType = wrapper.application; includeInIndex = 0; path = GLWaterFlow.app; sourceTree = BUILT_PRODUCTS_DIR; };
		924130B41C7DB14300FCE9B4 /* main.m */ = {isa = PBXFileReference; lastKnownFileType = sourcecode.c.objc; path = main.m; sourceTree = "<group>"; };
		924130BD1C7DB14300FCE9B4 /* Base */ = {isa = PBXFileReference; lastKnownFileType = file.storyboard; name = Base; path = Base.lproj/Main.storyboard; sourceTree = "<group>"; };
		924130BF1C7DB14300FCE9B4 /* Assets.xcassets */ = {isa = PBXFileReference; lastKnownFileType = folder.assetcatalog; path = Assets.xcassets; sourceTree = "<group>"; };
		924130C21C7DB14300FCE9B4 /* Base */ = {isa = PBXFileReference; lastKnownFileType = file.storyboard; name = Base; path = Base.lproj/LaunchScreen.storyboard; sourceTree = "<group>"; };
		924130C41C7DB14300FCE9B4 /* Info.plist */ = {isa = PBXFileReference; lastKnownFileType = text.plist.xml; path = Info.plist; sourceTree = "<group>"; };
		924130CA1C7DB1BE00FCE9B4 /* PrefixHeader.pch */ = {isa = PBXFileReference; fileEncoding = 4; lastKnownFileType = sourcecode.c.h; path = PrefixHeader.pch; sourceTree = "<group>"; };
		924130CC1C7DB24E00FCE9B4 /* GLLog.h */ = {isa = PBXFileReference; fileEncoding = 4; lastKnownFileType = sourcecode.c.h; path = GLLog.h; sourceTree = "<group>"; };
		924130CD1C7DB3A100FCE9B4 /* GLDefine.h */ = {isa = PBXFileReference; fileEncoding = 4; lastKnownFileType = sourcecode.c.h; path = GLDefine.h; sourceTree = "<group>"; };
		924130CE1C7DB41900FCE9B4 /* Header.h */ = {isa = PBXFileReference; fileEncoding = 4; lastKnownFileType = sourcecode.c.h; path = Header.h; sourceTree = "<group>"; };
		924130D21C7DB50F00FCE9B4 /* ViewController.h */ = {isa = PBXFileReference; fileEncoding = 4; lastKnownFileType = sourcecode.c.h; path = ViewController.h; sourceTree = "<group>"; };
		924130D31C7DB50F00FCE9B4 /* ViewController.m */ = {isa = PBXFileReference; fileEncoding = 4; lastKnownFileType = sourcecode.c.objc; path = ViewController.m; sourceTree = "<group>"; };
		924130D71C7DB50F00FCE9B4 /* AppDelegate.h */ = {isa = PBXFileReference; fileEncoding = 4; lastKnownFileType = sourcecode.c.h; path = AppDelegate.h; sourceTree = "<group>"; };
		924130D81C7DB50F00FCE9B4 /* AppDelegate.m */ = {isa = PBXFileReference; fileEncoding = 4; lastKnownFileType = sourcecode.c.objc; path = AppDelegate.m; sourceTree = "<group>"; };
		924130E11C7DB64500FCE9B4 /* 1.plist */ = {isa = PBXFileReference; fileEncoding = 4; lastKnownFileType = text.plist.xml; path = 1.plist; sourceTree = "<group>"; };
		924130E31C7DB66200FCE9B4 /* GLShop.h */ = {isa = PBXFileReference; fileEncoding = 4; lastKnownFileType = sourcecode.c.h; path = GLShop.h; sourceTree = "<group>"; };
		924130E41C7DB66200FCE9B4 /* GLShop.m */ = {isa = PBXFileReference; fileEncoding = 4; lastKnownFileType = sourcecode.c.objc; path = GLShop.m; sourceTree = "<group>"; };
		924130E61C7DB67F00FCE9B4 /* GLShopCell.h */ = {isa = PBXFileReference; fileEncoding = 4; lastKnownFileType = sourcecode.c.h; path = GLShopCell.h; sourceTree = "<group>"; };
		924130E71C7DB67F00FCE9B4 /* GLShopCell.m */ = {isa = PBXFileReference; fileEncoding = 4; lastKnownFileType = sourcecode.c.objc; path = GLShopCell.m; sourceTree = "<group>"; };
		924130EC1C7DBEFF00FCE9B4 /* Foundation+Log.m */ = {isa = PBXFileReference; fileEncoding = 4; lastKnownFileType = sourcecode.c.objc; path = "Foundation+Log.m"; sourceTree = "<group>"; };
		924130EE1C7DBEFF00FCE9B4 /* NSDate+Extention.h */ = {isa = PBXFileReference; fileEncoding = 4; lastKnownFileType = sourcecode.c.h; path = "NSDate+Extention.h"; sourceTree = "<group>"; };
		924130EF1C7DBEFF00FCE9B4 /* NSDate+Extention.m */ = {isa = PBXFileReference; fileEncoding = 4; lastKnownFileType = sourcecode.c.objc; path = "NSDate+Extention.m"; sourceTree = "<group>"; };
		924130F01C7DBEFF00FCE9B4 /* NSDateFormatter+Extention.h */ = {isa = PBXFileReference; fileEncoding = 4; lastKnownFileType = sourcecode.c.h; path = "NSDateFormatter+Extention.h"; sourceTree = "<group>"; };
		924130F11C7DBEFF00FCE9B4 /* NSDateFormatter+Extention.m */ = {isa = PBXFileReference; fileEncoding = 4; lastKnownFileType = sourcecode.c.objc; path = "NSDateFormatter+Extention.m"; sourceTree = "<group>"; };
		924130F31C7DBEFF00FCE9B4 /* NSObject+Log.h */ = {isa = PBXFileReference; fileEncoding = 4; lastKnownFileType = sourcecode.c.h; path = "NSObject+Log.h"; sourceTree = "<group>"; };
		924130F41C7DBEFF00FCE9B4 /* NSObject+Log.m */ = {isa = PBXFileReference; fileEncoding = 4; lastKnownFileType = sourcecode.c.objc; path = "NSObject+Log.m"; sourceTree = "<group>"; };
		924130F71C7DBEFF00FCE9B4 /* NSString+Extention.h */ = {isa = PBXFileReference; fileEncoding = 4; lastKnownFileType = sourcecode.c.h; path = "NSString+Extention.h"; sourceTree = "<group>"; };
		924130F81C7DBEFF00FCE9B4 /* NSString+Extention.m */ = {isa = PBXFileReference; fileEncoding = 4; lastKnownFileType = sourcecode.c.objc; path = "NSString+Extention.m"; sourceTree = "<group>"; };
		924130FD1C7DBEFF00FCE9B4 /* MyButton.h */ = {isa = PBXFileReference; fileEncoding = 4; lastKnownFileType = sourcecode.c.h; path = MyButton.h; sourceTree = "<group>"; };
		924130FE1C7DBEFF00FCE9B4 /* MyButton.m */ = {isa = PBXFileReference; fileEncoding = 4; lastKnownFileType = sourcecode.c.objc; path = MyButton.m; sourceTree = "<group>"; };
		924131001C7DBEFF00FCE9B4 /* UIColor+Random.h */ = {isa = PBXFileReference; fileEncoding = 4; lastKnownFileType = sourcecode.c.h; path = "UIColor+Random.h"; sourceTree = "<group>"; };
		924131011C7DBEFF00FCE9B4 /* UIColor+Random.m */ = {isa = PBXFileReference; fileEncoding = 4; lastKnownFileType = sourcecode.c.objc; path = "UIColor+Random.m"; sourceTree = "<group>"; };
		924131031C7DBEFF00FCE9B4 /* UIImage+Extention.h */ = {isa = PBXFileReference; fileEncoding = 4; lastKnownFileType = sourcecode.c.h; path = "UIImage+Extention.h"; sourceTree = "<group>"; };
		924131041C7DBEFF00FCE9B4 /* UIImage+Extention.m */ = {isa = PBXFileReference; fileEncoding = 4; lastKnownFileType = sourcecode.c.objc; path = "UIImage+Extention.m"; sourceTree = "<group>"; };
		924131061C7DBEFF00FCE9B4 /* UIResponder+Router.h */ = {isa = PBXFileReference; fileEncoding = 4; lastKnownFileType = sourcecode.c.h; path = "UIResponder+Router.h"; sourceTree = "<group>"; };
		924131071C7DBEFF00FCE9B4 /* UIResponder+Router.m */ = {isa = PBXFileReference; fileEncoding = 4; lastKnownFileType = sourcecode.c.objc; path = "UIResponder+Router.m"; sourceTree = "<group>"; };
		924131091C7DBEFF00FCE9B4 /* UITextField+Extention.h */ = {isa = PBXFileReference; fileEncoding = 4; lastKnownFileType = sourcecode.c.h; path = "UITextField+Extention.h"; sourceTree = "<group>"; };
		9241310A1C7DBEFF00FCE9B4 /* UITextField+Extention.m */ = {isa = PBXFileReference; fileEncoding = 4; lastKnownFileType = sourcecode.c.objc; path = "UITextField+Extention.m"; sourceTree = "<group>"; };
		9241310C1C7DBEFF00FCE9B4 /* UITextView+Extention.h */ = {isa = PBXFileReference; fileEncoding = 4; lastKnownFileType = sourcecode.c.h; path = "UITextView+Extention.h"; sourceTree = "<group>"; };
		9241310D1C7DBEFF00FCE9B4 /* UITextView+Extention.m */ = {isa = PBXFileReference; fileEncoding = 4; lastKnownFileType = sourcecode.c.objc; path = "UITextView+Extention.m"; sourceTree = "<group>"; };
		9241310F1C7DBEFF00FCE9B4 /* UIView+Extension.h */ = {isa = PBXFileReference; fileEncoding = 4; lastKnownFileType = sourcecode.c.h; path = "UIView+Extension.h"; sourceTree = "<group>"; };
		924131101C7DBEFF00FCE9B4 /* UIView+Extension.m */ = {isa = PBXFileReference; fileEncoding = 4; lastKnownFileType = sourcecode.c.objc; path = "UIView+Extension.m"; sourceTree = "<group>"; };
		924131121C7DBEFF00FCE9B4 /* UIViewController+Extention.h */ = {isa = PBXFileReference; fileEncoding = 4; lastKnownFileType = sourcecode.c.h; path = "UIViewController+Extention.h"; sourceTree = "<group>"; };
		924131131C7DBEFF00FCE9B4 /* UIViewController+Extention.m */ = {isa = PBXFileReference; fileEncoding = 4; lastKnownFileType = sourcecode.c.objc; path = "UIViewController+Extention.m"; sourceTree = "<group>"; };
		924131171C7DBEFF00FCE9B4 /* UIWindow+Extension.h */ = {isa = PBXFileReference; fileEncoding = 4; lastKnownFileType = sourcecode.c.h; path = "UIWindow+Extension.h"; sourceTree = "<group>"; };
		924131181C7DBEFF00FCE9B4 /* UIWindow+Extension.m */ = {isa = PBXFileReference; fileEncoding = 4; lastKnownFileType = sourcecode.c.objc; path = "UIWindow+Extension.m"; sourceTree = "<group>"; };
		9241312A1C7E9B5200FCE9B4 /* GLWaterFlowLayout.h */ = {isa = PBXFileReference; fileEncoding = 4; lastKnownFileType = sourcecode.c.h; path = GLWaterFlowLayout.h; sourceTree = "<group>"; };
		9241312B1C7E9B5200FCE9B4 /* GLWaterFlowLayout.m */ = {isa = PBXFileReference; fileEncoding = 4; lastKnownFileType = sourcecode.c.objc; path = GLWaterFlowLayout.m; sourceTree = "<group>"; };
		9241312F1C7F16EF00FCE9B4 /* GLShopDBUtils.h */ = {isa = PBXFileReference; fileEncoding = 4; lastKnownFileType = sourcecode.c.h; path = GLShopDBUtils.h; sourceTree = "<group>"; };
		924131301C7F16EF00FCE9B4 /* GLShopDBUtils.m */ = {isa = PBXFileReference; fileEncoding = 4; lastKnownFileType = sourcecode.c.objc; path = GLShopDBUtils.m; sourceTree = "<group>"; };
/* End PBXFileReference section */

/* Begin PBXFrameworksBuildPhase section */
		924130AD1C7DB14300FCE9B4 /* Frameworks */ = {
			isa = PBXFrameworksBuildPhase;
			buildActionMask = 2147483647;
			files = (
				607ACF808774FD9218706864 /* libPods.a in Frameworks */,
			);
			runOnlyForDeploymentPostprocessing = 0;
		};
/* End PBXFrameworksBuildPhase section */

/* Begin PBXGroup section */
		924130A71C7DB14300FCE9B4 = {
			isa = PBXGroup;
			children = (
				924130B21C7DB14300FCE9B4 /* GLWaterFlow */,
				924130B11C7DB14300FCE9B4 /* Products */,
				BFBD4A0FCD033170EFAC1871 /* Pods */,
				EDE46B4B9EC4C2C33A703F34 /* Frameworks */,
			);
			sourceTree = "<group>";
		};
		924130B11C7DB14300FCE9B4 /* Products */ = {
			isa = PBXGroup;
			children = (
				924130B01C7DB14300FCE9B4 /* GLWaterFlow.app */,
			);
			name = Products;
			sourceTree = "<group>";
		};
		924130B21C7DB14300FCE9B4 /* GLWaterFlow */ = {
			isa = PBXGroup;
			children = (
				924130CF1C7DB50F00FCE9B4 /* Classes */,
				924130B31C7DB14300FCE9B4 /* Supporting Files */,
			);
			path = GLWaterFlow;
			sourceTree = "<group>";
		};
		924130B31C7DB14300FCE9B4 /* Supporting Files */ = {
			isa = PBXGroup;
			children = (
				924130E11C7DB64500FCE9B4 /* 1.plist */,
				924130CB1C7DB21E00FCE9B4 /* Define */,
				924130BC1C7DB14300FCE9B4 /* Main.storyboard */,
				924130BF1C7DB14300FCE9B4 /* Assets.xcassets */,
				924130C11C7DB14300FCE9B4 /* LaunchScreen.storyboard */,
				924130C41C7DB14300FCE9B4 /* Info.plist */,
				924130B41C7DB14300FCE9B4 /* main.m */,
				924130CA1C7DB1BE00FCE9B4 /* PrefixHeader.pch */,
			);
			name = "Supporting Files";
			sourceTree = "<group>";
		};
		924130CB1C7DB21E00FCE9B4 /* Define */ = {
			isa = PBXGroup;
			children = (
				924130CC1C7DB24E00FCE9B4 /* GLLog.h */,
				924130CD1C7DB3A100FCE9B4 /* GLDefine.h */,
				924130CE1C7DB41900FCE9B4 /* Header.h */,
			);
			path = Define;
			sourceTree = "<group>";
		};
		924130CF1C7DB50F00FCE9B4 /* Classes */ = {
			isa = PBXGroup;
			children = (
				924130DB1C7DB50F00FCE9B4 /* WaterFlow */,
				924130D01C7DB50F00FCE9B4 /* Main */,
				924130D61C7DB50F00FCE9B4 /* Others */,
			);
			path = Classes;
			sourceTree = "<group>";
		};
		924130D01C7DB50F00FCE9B4 /* Main */ = {
			isa = PBXGroup;
			children = (
				9241312D1C7F16AC00FCE9B4 /* Uitls */,
				924130D11C7DB50F00FCE9B4 /* Controllers */,
				924130D41C7DB50F00FCE9B4 /* Models */,
				924130D51C7DB50F00FCE9B4 /* Views */,
			);
			path = Main;
			sourceTree = "<group>";
		};
		924130D11C7DB50F00FCE9B4 /* Controllers */ = {
			isa = PBXGroup;
			children = (
				924130D21C7DB50F00FCE9B4 /* ViewController.h */,
				924130D31C7DB50F00FCE9B4 /* ViewController.m */,
			);
			path = Controllers;
			sourceTree = "<group>";
		};
		924130D41C7DB50F00FCE9B4 /* Models */ = {
			isa = PBXGroup;
			children = (
			);
			path = Models;
			sourceTree = "<group>";
		};
		924130D51C7DB50F00FCE9B4 /* Views */ = {
			isa = PBXGroup;
			children = (
			);
			path = Views;
			sourceTree = "<group>";
		};
		924130D61C7DB50F00FCE9B4 /* Others */ = {
			isa = PBXGroup;
			children = (
				924130D71C7DB50F00FCE9B4 /* AppDelegate.h */,
				924130D81C7DB50F00FCE9B4 /* AppDelegate.m */,
				924130D91C7DB50F00FCE9B4 /* Common */,
				924130DA1C7DB50F00FCE9B4 /* Utils */,
			);
			path = Others;
			sourceTree = "<group>";
		};
		924130D91C7DB50F00FCE9B4 /* Common */ = {
			isa = PBXGroup;
			children = (
			);
			path = Common;
			sourceTree = "<group>";
		};
		924130DA1C7DB50F00FCE9B4 /* Utils */ = {
			isa = PBXGroup;
			children = (
				924130EB1C7DBEFF00FCE9B4 /* Category */,
			);
			path = Utils;
			sourceTree = "<group>";
		};
		924130DB1C7DB50F00FCE9B4 /* WaterFlow */ = {
			isa = PBXGroup;
			children = (
				924131291C7E9B1300FCE9B4 /* GLLayout */,
				924130DD1C7DB50F00FCE9B4 /* Models */,
				924130DE1C7DB50F00FCE9B4 /* Views */,
			);
			path = WaterFlow;
			sourceTree = "<group>";
		};
		924130DD1C7DB50F00FCE9B4 /* Models */ = {
			isa = PBXGroup;
			children = (
				924130E31C7DB66200FCE9B4 /* GLShop.h */,
				924130E41C7DB66200FCE9B4 /* GLShop.m */,
			);
			path = Models;
			sourceTree = "<group>";
		};
		924130DE1C7DB50F00FCE9B4 /* Views */ = {
			isa = PBXGroup;
			children = (
				924130E61C7DB67F00FCE9B4 /* GLShopCell.h */,
				924130E71C7DB67F00FCE9B4 /* GLShopCell.m */,
			);
			path = Views;
			sourceTree = "<group>";
		};
		924130EB1C7DBEFF00FCE9B4 /* Category */ = {
			isa = PBXGroup;
			children = (
				924130EC1C7DBEFF00FCE9B4 /* Foundation+Log.m */,
				924130ED1C7DBEFF00FCE9B4 /* NSDate+Extention */,
				924130F21C7DBEFF00FCE9B4 /* NSObject+Extention */,
				924130F51C7DBEFF00FCE9B4 /* NSString+Emoj */,
				924130F61C7DBEFF00FCE9B4 /* NSString+Extention */,
				924130FC1C7DBEFF00FCE9B4 /* UIButton_Classes */,
				924130FF1C7DBEFF00FCE9B4 /* UIColor_random */,
				924131021C7DBEFF00FCE9B4 /* UIImage+Extention */,
				924131051C7DBEFF00FCE9B4 /* UIResponder+Extention */,
				924131081C7DBEFF00FCE9B4 /* UITextField+Extention */,
				9241310B1C7DBEFF00FCE9B4 /* UITextview+Extention */,
				9241310E1C7DBEFF00FCE9B4 /* UIView+Extention */,
				924131111C7DBEFF00FCE9B4 /* UIViewController+Extention */,
				924131161C7DBEFF00FCE9B4 /* UIWindow+Extention */,
			);
			path = Category;
			sourceTree = "<group>";
		};
		924130ED1C7DBEFF00FCE9B4 /* NSDate+Extention */ = {
			isa = PBXGroup;
			children = (
				924130EE1C7DBEFF00FCE9B4 /* NSDate+Extention.h */,
				924130EF1C7DBEFF00FCE9B4 /* NSDate+Extention.m */,
				924130F01C7DBEFF00FCE9B4 /* NSDateFormatter+Extention.h */,
				924130F11C7DBEFF00FCE9B4 /* NSDateFormatter+Extention.m */,
			);
			path = "NSDate+Extention";
			sourceTree = "<group>";
		};
		924130F21C7DBEFF00FCE9B4 /* NSObject+Extention */ = {
			isa = PBXGroup;
			children = (
				924130F31C7DBEFF00FCE9B4 /* NSObject+Log.h */,
				924130F41C7DBEFF00FCE9B4 /* NSObject+Log.m */,
			);
			path = "NSObject+Extention";
			sourceTree = "<group>";
		};
		924130F51C7DBEFF00FCE9B4 /* NSString+Emoj */ = {
			isa = PBXGroup;
			children = (
			);
			path = "NSString+Emoj";
			sourceTree = "<group>";
		};
		924130F61C7DBEFF00FCE9B4 /* NSString+Extention */ = {
			isa = PBXGroup;
			children = (
				924130F71C7DBEFF00FCE9B4 /* NSString+Extention.h */,
				924130F81C7DBEFF00FCE9B4 /* NSString+Extention.m */,
			);
			path = "NSString+Extention";
			sourceTree = "<group>";
		};
		924130FC1C7DBEFF00FCE9B4 /* UIButton_Classes */ = {
			isa = PBXGroup;
			children = (
				924130FD1C7DBEFF00FCE9B4 /* MyButton.h */,
				924130FE1C7DBEFF00FCE9B4 /* MyButton.m */,
			);
			path = UIButton_Classes;
			sourceTree = "<group>";
		};
		924130FF1C7DBEFF00FCE9B4 /* UIColor_random */ = {
			isa = PBXGroup;
			children = (
				924131001C7DBEFF00FCE9B4 /* UIColor+Random.h */,
				924131011C7DBEFF00FCE9B4 /* UIColor+Random.m */,
			);
			path = UIColor_random;
			sourceTree = "<group>";
		};
		924131021C7DBEFF00FCE9B4 /* UIImage+Extention */ = {
			isa = PBXGroup;
			children = (
				924131031C7DBEFF00FCE9B4 /* UIImage+Extention.h */,
				924131041C7DBEFF00FCE9B4 /* UIImage+Extention.m */,
			);
			path = "UIImage+Extention";
			sourceTree = "<group>";
		};
		924131051C7DBEFF00FCE9B4 /* UIResponder+Extention */ = {
			isa = PBXGroup;
			children = (
				924131061C7DBEFF00FCE9B4 /* UIResponder+Router.h */,
				924131071C7DBEFF00FCE9B4 /* UIResponder+Router.m */,
			);
			path = "UIResponder+Extention";
			sourceTree = "<group>";
		};
		924131081C7DBEFF00FCE9B4 /* UITextField+Extention */ = {
			isa = PBXGroup;
			children = (
				924131091C7DBEFF00FCE9B4 /* UITextField+Extention.h */,
				9241310A1C7DBEFF00FCE9B4 /* UITextField+Extention.m */,
			);
			path = "UITextField+Extention";
			sourceTree = "<group>";
		};
		9241310B1C7DBEFF00FCE9B4 /* UITextview+Extention */ = {
			isa = PBXGroup;
			children = (
				9241310C1C7DBEFF00FCE9B4 /* UITextView+Extention.h */,
				9241310D1C7DBEFF00FCE9B4 /* UITextView+Extention.m */,
			);
			path = "UITextview+Extention";
			sourceTree = "<group>";
		};
		9241310E1C7DBEFF00FCE9B4 /* UIView+Extention */ = {
			isa = PBXGroup;
			children = (
				9241310F1C7DBEFF00FCE9B4 /* UIView+Extension.h */,
				924131101C7DBEFF00FCE9B4 /* UIView+Extension.m */,
			);
			path = "UIView+Extention";
			sourceTree = "<group>";
		};
		924131111C7DBEFF00FCE9B4 /* UIViewController+Extention */ = {
			isa = PBXGroup;
			children = (
				924131121C7DBEFF00FCE9B4 /* UIViewController+Extention.h */,
				924131131C7DBEFF00FCE9B4 /* UIViewController+Extention.m */,
			);
			path = "UIViewController+Extention";
			sourceTree = "<group>";
		};
		924131161C7DBEFF00FCE9B4 /* UIWindow+Extention */ = {
			isa = PBXGroup;
			children = (
				924131171C7DBEFF00FCE9B4 /* UIWindow+Extension.h */,
				924131181C7DBEFF00FCE9B4 /* UIWindow+Extension.m */,
			);
			path = "UIWindow+Extention";
			sourceTree = "<group>";
		};
		924131291C7E9B1300FCE9B4 /* GLLayout */ = {
			isa = PBXGroup;
			children = (
				9241312A1C7E9B5200FCE9B4 /* GLWaterFlowLayout.h */,
				9241312B1C7E9B5200FCE9B4 /* GLWaterFlowLayout.m */,
			);
			path = GLLayout;
			sourceTree = "<group>";
		};
		9241312D1C7F16AC00FCE9B4 /* Uitls */ = {
			isa = PBXGroup;
			children = (
				9241312E1C7F16AC00FCE9B4 /* GLDBUtils */,
			);
			path = Uitls;
			sourceTree = "<group>";
		};
		9241312E1C7F16AC00FCE9B4 /* GLDBUtils */ = {
			isa = PBXGroup;
			children = (
				9241312F1C7F16EF00FCE9B4 /* GLShopDBUtils.h */,
				924131301C7F16EF00FCE9B4 /* GLShopDBUtils.m */,
			);
			path = GLDBUtils;
			sourceTree = "<group>";
		};
		BFBD4A0FCD033170EFAC1871 /* Pods */ = {
			isa = PBXGroup;
			children = (
				161E8DEA3B6628014A84AC97 /* Pods.debug.xcconfig */,
				4168D18B0A02687EA1721766 /* Pods.release.xcconfig */,
			);
			name = Pods;
			sourceTree = "<group>";
		};
		EDE46B4B9EC4C2C33A703F34 /* Frameworks */ = {
			isa = PBXGroup;
			children = (
				709B518F160346B710ABC81F /* libPods.a */,
			);
			name = Frameworks;
			sourceTree = "<group>";
		};
/* End PBXGroup section */

/* Begin PBXNativeTarget section */
		924130AF1C7DB14300FCE9B4 /* GLWaterFlow */ = {
			isa = PBXNativeTarget;
			buildConfigurationList = 924130C71C7DB14300FCE9B4 /* Build configuration list for PBXNativeTarget "GLWaterFlow" */;
			buildPhases = (
				4BDDC0EB3073DE6AFF6BCDC8 /* Check Pods Manifest.lock */,
				924130AC1C7DB14300FCE9B4 /* Sources */,
				924130AD1C7DB14300FCE9B4 /* Frameworks */,
				924130AE1C7DB14300FCE9B4 /* Resources */,
				EDD2B95B88E4C7B63F5AADCD /* Copy Pods Resources */,
			);
			buildRules = (
			);
			dependencies = (
			);
			name = GLWaterFlow;
			productName = GLWaterFlow;
			productReference = 924130B01C7DB14300FCE9B4 /* GLWaterFlow.app */;
			productType = "com.apple.product-type.application";
		};
/* End PBXNativeTarget section */

/* Begin PBXProject section */
		924130A81C7DB14300FCE9B4 /* Project object */ = {
			isa = PBXProject;
			attributes = {
				LastUpgradeCheck = 0720;
				ORGANIZATIONNAME = roseonly;
				TargetAttributes = {
					924130AF1C7DB14300FCE9B4 = {
						CreatedOnToolsVersion = 7.2.1;
					};
				};
			};
			buildConfigurationList = 924130AB1C7DB14300FCE9B4 /* Build configuration list for PBXProject "GLWaterFlow" */;
			compatibilityVersion = "Xcode 3.2";
			developmentRegion = English;
			hasScannedForEncodings = 0;
			knownRegions = (
				en,
				Base,
			);
			mainGroup = 924130A71C7DB14300FCE9B4;
			productRefGroup = 924130B11C7DB14300FCE9B4 /* Products */;
			projectDirPath = "";
			projectRoot = "";
			targets = (
				924130AF1C7DB14300FCE9B4 /* GLWaterFlow */,
			);
		};
/* End PBXProject section */

/* Begin PBXResourcesBuildPhase section */
		924130AE1C7DB14300FCE9B4 /* Resources */ = {
			isa = PBXResourcesBuildPhase;
			buildActionMask = 2147483647;
			files = (
				924130C31C7DB14300FCE9B4 /* LaunchScreen.storyboard in Resources */,
				924130C01C7DB14300FCE9B4 /* Assets.xcassets in Resources */,
				924130E21C7DB64500FCE9B4 /* 1.plist in Resources */,
				924130BE1C7DB14300FCE9B4 /* Main.storyboard in Resources */,
			);
			runOnlyForDeploymentPostprocessing = 0;
		};
/* End PBXResourcesBuildPhase section */

/* Begin PBXShellScriptBuildPhase section */
		4BDDC0EB3073DE6AFF6BCDC8 /* Check Pods Manifest.lock */ = {
			isa = PBXShellScriptBuildPhase;
			buildActionMask = 2147483647;
			files = (
			);
			inputPaths = (
			);
			name = "Check Pods Manifest.lock";
			outputPaths = (
			);
			runOnlyForDeploymentPostprocessing = 0;
			shellPath = /bin/sh;
			shellScript = "diff \"${PODS_ROOT}/../Podfile.lock\" \"${PODS_ROOT}/Manifest.lock\" > /dev/null\nif [[ $? != 0 ]] ; then\n    cat << EOM\nerror: The sandbox is not in sync with the Podfile.lock. Run 'pod install' or update your CocoaPods installation.\nEOM\n    exit 1\nfi\n";
			showEnvVarsInLog = 0;
		};
		EDD2B95B88E4C7B63F5AADCD /* Copy Pods Resources */ = {
			isa = PBXShellScriptBuildPhase;
			buildActionMask = 2147483647;
			files = (
			);
			inputPaths = (
			);
			name = "Copy Pods Resources";
			outputPaths = (
			);
			runOnlyForDeploymentPostprocessing = 0;
			shellPath = /bin/sh;
			shellScript = "\"${SRCROOT}/Pods/Target Support Files/Pods/Pods-resources.sh\"\n";
			showEnvVarsInLog = 0;
		};
/* End PBXShellScriptBuildPhase section */

/* Begin PBXSourcesBuildPhase section */
		924130AC1C7DB14300FCE9B4 /* Sources */ = {
			isa = PBXSourcesBuildPhase;
			buildActionMask = 2147483647;
			files = (
				924131251C7DBEFF00FCE9B4 /* UIView+Extension.m in Sources */,
				924131281C7DBEFF00FCE9B4 /* UIWindow+Extension.m in Sources */,
				9241311D1C7DBEFF00FCE9B4 /* NSString+Extention.m in Sources */,
				924131201C7DBEFF00FCE9B4 /* UIColor+Random.m in Sources */,
				924131231C7DBEFF00FCE9B4 /* UITextField+Extention.m in Sources */,
				924130E51C7DB66200FCE9B4 /* GLShop.m in Sources */,
				924130DF1C7DB50F00FCE9B4 /* ViewController.m in Sources */,
				9241311F1C7DBEFF00FCE9B4 /* MyButton.m in Sources */,
				9241311B1C7DBEFF00FCE9B4 /* NSDateFormatter+Extention.m in Sources */,
				924130E81C7DB67F00FCE9B4 /* GLShopCell.m in Sources */,
				9241312C1C7E9B5200FCE9B4 /* GLWaterFlowLayout.m in Sources */,
				924130B51C7DB14300FCE9B4 /* main.m in Sources */,
				924131241C7DBEFF00FCE9B4 /* UITextView+Extention.m in Sources */,
				9241311C1C7DBEFF00FCE9B4 /* NSObject+Log.m in Sources */,
				924131211C7DBEFF00FCE9B4 /* UIImage+Extention.m in Sources */,
				924131311C7F16EF00FCE9B4 /* GLShopDBUtils.m in Sources */,
				924131221C7DBEFF00FCE9B4 /* UIResponder+Router.m in Sources */,
				924130E01C7DB50F00FCE9B4 /* AppDelegate.m in Sources */,
				924131191C7DBEFF00FCE9B4 /* Foundation+Log.m in Sources */,
				924131261C7DBEFF00FCE9B4 /* UIViewController+Extention.m in Sources */,
				9241311A1C7DBEFF00FCE9B4 /* NSDate+Extention.m in Sources */,
			);
			runOnlyForDeploymentPostprocessing = 0;
		};
/* End PBXSourcesBuildPhase section */

/* Begin PBXVariantGroup section */
		924130BC1C7DB14300FCE9B4 /* Main.storyboard */ = {
			isa = PBXVariantGroup;
			children = (
				924130BD1C7DB14300FCE9B4 /* Base */,
			);
			name = Main.storyboard;
			sourceTree = "<group>";
		};
		924130C11C7DB14300FCE9B4 /* LaunchScreen.storyboard */ = {
			isa = PBXVariantGroup;
			children = (
				924130C21C7DB14300FCE9B4 /* Base */,
			);
			name = LaunchScreen.storyboard;
			sourceTree = "<group>";
		};
/* End PBXVariantGroup section */

/* Begin XCBuildConfiguration section */
		924130C51C7DB14300FCE9B4 /* Debug */ = {
			isa = XCBuildConfiguration;
			buildSettings = {
				ALWAYS_SEARCH_USER_PATHS = NO;
				CLANG_CXX_LANGUAGE_STANDARD = "gnu++0x";
				CLANG_CXX_LIBRARY = "libc++";
				CLANG_ENABLE_MODULES = YES;
				CLANG_ENABLE_OBJC_ARC = YES;
				CLANG_WARN_BOOL_CONVERSION = YES;
				CLANG_WARN_CONSTANT_CONVERSION = YES;
				CLANG_WARN_DIRECT_OBJC_ISA_USAGE = YES_ERROR;
				CLANG_WARN_EMPTY_BODY = YES;
				CLANG_WARN_ENUM_CONVERSION = YES;
				CLANG_WARN_INT_CONVERSION = YES;
				CLANG_WARN_OBJC_ROOT_CLASS = YES_ERROR;
				CLANG_WARN_UNREACHABLE_CODE = YES;
				CLANG_WARN__DUPLICATE_METHOD_MATCH = YES;
				"CODE_SIGN_IDENTITY[sdk=iphoneos*]" = "iPhone Developer";
				COPY_PHASE_STRIP = NO;
				DEBUG_INFORMATION_FORMAT = dwarf;
				ENABLE_STRICT_OBJC_MSGSEND = YES;
				ENABLE_TESTABILITY = YES;
				GCC_C_LANGUAGE_STANDARD = gnu99;
				GCC_DYNAMIC_NO_PIC = NO;
				GCC_NO_COMMON_BLOCKS = YES;
				GCC_OPTIMIZATION_LEVEL = 0;
				GCC_PREPROCESSOR_DEFINITIONS = (
					"DEBUG=1",
					"$(inherited)",
				);
				GCC_WARN_64_TO_32_BIT_CONVERSION = YES;
				GCC_WARN_ABOUT_RETURN_TYPE = YES_ERROR;
				GCC_WARN_UNDECLARED_SELECTOR = YES;
				GCC_WARN_UNINITIALIZED_AUTOS = YES_AGGRESSIVE;
				GCC_WARN_UNUSED_FUNCTION = YES;
				GCC_WARN_UNUSED_VARIABLE = YES;
				IPHONEOS_DEPLOYMENT_TARGET = 9.2;
				MTL_ENABLE_DEBUG_INFO = YES;
				ONLY_ACTIVE_ARCH = YES;
				SDKROOT = iphoneos;
				TARGETED_DEVICE_FAMILY = "1,2";
			};
			name = Debug;
		};
		924130C61C7DB14300FCE9B4 /* Release */ = {
			isa = XCBuildConfiguration;
			buildSettings = {
				ALWAYS_SEARCH_USER_PATHS = NO;
				CLANG_CXX_LANGUAGE_STANDARD = "gnu++0x";
				CLANG_CXX_LIBRARY = "libc++";
				CLANG_ENABLE_MODULES = YES;
				CLANG_ENABLE_OBJC_ARC = YES;
				CLANG_WARN_BOOL_CONVERSION = YES;
				CLANG_WARN_CONSTANT_CONVERSION = YES;
				CLANG_WARN_DIRECT_OBJC_ISA_USAGE = YES_ERROR;
				CLANG_WARN_EMPTY_BODY = YES;
				CLANG_WARN_ENUM_CONVERSION = YES;
				CLANG_WARN_INT_CONVERSION = YES;
				CLANG_WARN_OBJC_ROOT_CLASS = YES_ERROR;
				CLANG_WARN_UNREACHABLE_CODE = YES;
				CLANG_WARN__DUPLICATE_METHOD_MATCH = YES;
				"CODE_SIGN_IDENTITY[sdk=iphoneos*]" = "iPhone Developer";
				COPY_PHASE_STRIP = NO;
				DEBUG_INFORMATION_FORMAT = "dwarf-with-dsym";
				ENABLE_NS_ASSERTIONS = NO;
				ENABLE_STRICT_OBJC_MSGSEND = YES;
				GCC_C_LANGUAGE_STANDARD = gnu99;
				GCC_NO_COMMON_BLOCKS = YES;
				GCC_WARN_64_TO_32_BIT_CONVERSION = YES;
				GCC_WARN_ABOUT_RETURN_TYPE = YES_ERROR;
				GCC_WARN_UNDECLARED_SELECTOR = YES;
				GCC_WARN_UNINITIALIZED_AUTOS = YES_AGGRESSIVE;
				GCC_WARN_UNUSED_FUNCTION = YES;
				GCC_WARN_UNUSED_VARIABLE = YES;
				IPHONEOS_DEPLOYMENT_TARGET = 9.2;
				MTL_ENABLE_DEBUG_INFO = NO;
				SDKROOT = iphoneos;
				TARGETED_DEVICE_FAMILY = "1,2";
				VALIDATE_PRODUCT = YES;
			};
			name = Release;
		};
		924130C81C7DB14300FCE9B4 /* Debug */ = {
			isa = XCBuildConfiguration;
			baseConfigurationReference = 161E8DEA3B6628014A84AC97 /* Pods.debug.xcconfig */;
			buildSettings = {
				ASSETCATALOG_COMPILER_APPICON_NAME = AppIcon;
				GCC_PRECOMPILE_PREFIX_HEADER = YES;
				GCC_PREFIX_HEADER = "$(SRCROOT)/GLWaterFlow/PrefixHeader.pch";
				INFOPLIST_FILE = GLWaterFlow/Info.plist;
				LD_RUNPATH_SEARCH_PATHS = "$(inherited) @executable_path/Frameworks";
				PRODUCT_BUNDLE_IDENTIFIER = com.RO.GLWaterFlow;
				PRODUCT_NAME = "$(TARGET_NAME)";
			};
			name = Debug;
		};
		924130C91C7DB14300FCE9B4 /* Release */ = {
			isa = XCBuildConfiguration;
			baseConfigurationReference = 4168D18B0A02687EA1721766 /* Pods.release.xcconfig */;
			buildSettings = {
				ASSETCATALOG_COMPILER_APPICON_NAME = AppIcon;
				GCC_PRECOMPILE_PREFIX_HEADER = YES;
				GCC_PREFIX_HEADER = "$(SRCROOT)/GLWaterFlow/PrefixHeader.pch";
				INFOPLIST_FILE = GLWaterFlow/Info.plist;
				LD_RUNPATH_SEARCH_PATHS = "$(inherited) @executable_path/Frameworks";
				PRODUCT_BUNDLE_IDENTIFIER = com.RO.GLWaterFlow;
				PRODUCT_NAME = "$(TARGET_NAME)";
			};
			name = Release;
		};
/* End XCBuildConfiguration section */

/* Begin XCConfigurationList section */
		924130AB1C7DB14300FCE9B4 /* Build configuration list for PBXProject "GLWaterFlow" */ = {
			isa = XCConfigurationList;
			buildConfigurations = (
				924130C51C7DB14300FCE9B4 /* Debug */,
				924130C61C7DB14300FCE9B4 /* Release */,
			);
			defaultConfigurationIsVisible = 0;
			defaultConfigurationName = Release;
		};
		924130C71C7DB14300FCE9B4 /* Build configuration list for PBXNativeTarget "GLWaterFlow" */ = {
			isa = XCConfigurationList;
			buildConfigurations = (
				924130C81C7DB14300FCE9B4 /* Debug */,
				924130C91C7DB14300FCE9B4 /* Release */,
			);
			defaultConfigurationIsVisible = 0;
			defaultConfigurationName = Release;
		};
/* End XCConfigurationList section */
	};
	rootObject = 924130A81C7DB14300FCE9B4 /* Project object */;
}
